
Microsoft Visual Studio Solution File, Format Version 12.00
# Visual Studio Version 17
VisualStudioVersion = 17.8.34309.116
MinimumVisualStudioVersion = 10.0.40219.1
Project("{FAE04EC0-301F-11D3-BF4B-00C04F79EFBC}") = "GerenciamentoEstacionamento", "GerenciamentoEstacionamento.csproj", "{A9354945-7DCB-4A83-AB31-11FD9DA375D2}"
EndProject
Global
	GlobalSection(SolutionConfigurationPlatforms) = preSolution
		Debug|Any CPU = Debug|Any CPU
		Release|Any CPU = Release|Any CPU
	EndGlobalSection
	GlobalSection(ProjectConfigurationPlatforms) = postSolution
		{A9354945-7DCB-4A83-AB31-11FD9DA375D2}.Debug|Any CPU.ActiveCfg = Debug|Any CPU
		{A9354945-7DCB-4A83-AB31-11FD9DA375D2}.Debug|Any CPU.Build.0 = Debug|Any CPU
		{A9354945-7DCB-4A83-AB31-11FD9DA375D2}.Release|Any CPU.ActiveCfg = Release|Any CPU
		{A9354945-7DCB-4A83-AB31-11FD9DA375D2}.Release|Any CPU.Build.0 = Release|Any CPU
	EndGlobalSection
	GlobalSection(SolutionProperties) = preSolution
		HideSolutionNode = FALSE
	EndGlobalSection
	GlobalSection(ExtensibilityGlobals) = postSolution
		SolutionGuid = {11DA67DF-FEB4-4D13-B17A-8538275C5ABE}
	EndGlobalSection
EndGlobal
